// !$*UTF8*$!
{
	archiveVersion = 1;
	classes = {
	};
	objectVersion = 46;
	objects = {

/* Begin PBXBuildFile section */
		3FDF0C8B1AB69E0500790680 /* AppDelegate.swift in Sources */ = {isa = PBXBuildFile; fileRef = 3FDF0C8A1AB69E0500790680 /* AppDelegate.swift */; };
		3FDF0C901AB69E0500790680 /* Main.storyboard in Resources */ = {isa = PBXBuildFile; fileRef = 3FDF0C8E1AB69E0500790680 /* Main.storyboard */; };
		3FDF0C921AB69E0500790680 /* Images.xcassets in Resources */ = {isa = PBXBuildFile; fileRef = 3FDF0C911AB69E0500790680 /* Images.xcassets */; };
		3FDF0C951AB69E0500790680 /* LaunchScreen.xib in Resources */ = {isa = PBXBuildFile; fileRef = 3FDF0C931AB69E0500790680 /* LaunchScreen.xib */; };
		3FDF0CA11AB69E0500790680 /* SmashtagTests.swift in Sources */ = {isa = PBXBuildFile; fileRef = 3FDF0CA01AB69E0500790680 /* SmashtagTests.swift */; };
		3FDF0CAB1AB69E9C00790680 /* TweetTableTableViewController.swift in Sources */ = {isa = PBXBuildFile; fileRef = 3FDF0CAA1AB69E9C00790680 /* TweetTableTableViewController.swift */; };
		3FDF0CB41AB6A0EB00790680 /* MediaItem.swift in Sources */ = {isa = PBXBuildFile; fileRef = 3FDF0CB01AB6A0EB00790680 /* MediaItem.swift */; };
		3FDF0CB51AB6A0EB00790680 /* Tweet.swift in Sources */ = {isa = PBXBuildFile; fileRef = 3FDF0CB11AB6A0EB00790680 /* Tweet.swift */; };
		3FDF0CB61AB6A0EB00790680 /* TwitterRequest.swift in Sources */ = {isa = PBXBuildFile; fileRef = 3FDF0CB21AB6A0EB00790680 /* TwitterRequest.swift */; };
		3FDF0CB71AB6A0EB00790680 /* User.swift in Sources */ = {isa = PBXBuildFile; fileRef = 3FDF0CB31AB6A0EB00790680 /* User.swift */; };
/* End PBXBuildFile section */

/* Begin PBXContainerItemProxy section */
		3FDF0C9B1AB69E0500790680 /* PBXContainerItemProxy */ = {
			isa = PBXContainerItemProxy;
			containerPortal = 3FDF0C7D1AB69E0500790680 /* Project object */;
			proxyType = 1;
			remoteGlobalIDString = 3FDF0C841AB69E0500790680;
			remoteInfo = Smashtag;
		};
/* End PBXContainerItemProxy section */

/* Begin PBXFileReference section */
		3FDF0C851AB69E0500790680 /* Smashtag.app */ = {isa = PBXFileReference; explicitFileType = wrapper.application; includeInIndex = 0; path = Smashtag.app; sourceTree = BUILT_PRODUCTS_DIR; };
		3FDF0C891AB69E0500790680 /* Info.plist */ = {isa = PBXFileReference; lastKnownFileType = text.plist.xml; path = Info.plist; sourceTree = "<group>"; };
		3FDF0C8A1AB69E0500790680 /* AppDelegate.swift */ = {isa = PBXFileReference; lastKnownFileType = sourcecode.swift; path = AppDelegate.swift; sourceTree = "<group>"; };
		3FDF0C8F1AB69E0500790680 /* Base */ = {isa = PBXFileReference; lastKnownFileType = file.storyboard; name = Base; path = Base.lproj/Main.storyboard; sourceTree = "<group>"; };
		3FDF0C911AB69E0500790680 /* Images.xcassets */ = {isa = PBXFileReference; lastKnownFileType = folder.assetcatalog; path = Images.xcassets; sourceTree = "<group>"; };
		3FDF0C941AB69E0500790680 /* Base */ = {isa = PBXFileReference; lastKnownFileType = file.xib; name = Base; path = Base.lproj/LaunchScreen.xib; sourceTree = "<group>"; };
		3FDF0C9A1AB69E0500790680 /* SmashtagTests.xctest */ = {isa = PBXFileReference; explicitFileType = wrapper.cfbundle; includeInIndex = 0; path = SmashtagTests.xctest; sourceTree = BUILT_PRODUCTS_DIR; };
		3FDF0C9F1AB69E0500790680 /* Info.plist */ = {isa = PBXFileReference; lastKnownFileType = text.plist.xml; path = Info.plist; sourceTree = "<group>"; };
		3FDF0CA01AB69E0500790680 /* SmashtagTests.swift */ = {isa = PBXFileReference; lastKnownFileType = sourcecode.swift; path = SmashtagTests.swift; sourceTree = "<group>"; };
		3FDF0CAA1AB69E9C00790680 /* TweetTableTableViewController.swift */ = {isa = PBXFileReference; fileEncoding = 4; lastKnownFileType = sourcecode.swift; path = TweetTableTableViewController.swift; sourceTree = "<group>"; };
		3FDF0CB01AB6A0EB00790680 /* MediaItem.swift */ = {isa = PBXFileReference; fileEncoding = 4; lastKnownFileType = sourcecode.swift; path = MediaItem.swift; sourceTree = "<group>"; };
		3FDF0CB11AB6A0EB00790680 /* Tweet.swift */ = {isa = PBXFileReference; fileEncoding = 4; lastKnownFileType = sourcecode.swift; path = Tweet.swift; sourceTree = "<group>"; };
		3FDF0CB21AB6A0EB00790680 /* TwitterRequest.swift */ = {isa = PBXFileReference; fileEncoding = 4; lastKnownFileType = sourcecode.swift; path = TwitterRequest.swift; sourceTree = "<group>"; };
		3FDF0CB31AB6A0EB00790680 /* User.swift */ = {isa = PBXFileReference; fileEncoding = 4; lastKnownFileType = sourcecode.swift; path = User.swift; sourceTree = "<group>"; };
/* End PBXFileReference section */

/* Begin PBXFrameworksBuildPhase section */
		3FDF0C821AB69E0500790680 /* Frameworks */ = {
			isa = PBXFrameworksBuildPhase;
			buildActionMask = 2147483647;
			files = (
			);
			runOnlyForDeploymentPostprocessing = 0;
		};
		3FDF0C971AB69E0500790680 /* Frameworks */ = {
			isa = PBXFrameworksBuildPhase;
			buildActionMask = 2147483647;
			files = (
			);
			runOnlyForDeploymentPostprocessing = 0;
		};
/* End PBXFrameworksBuildPhase section */

/* Begin PBXGroup section */
		3FDF0C7C1AB69E0500790680 = {
			isa = PBXGroup;
			children = (
				3FDF0C871AB69E0500790680 /* Smashtag */,
				3FDF0C9D1AB69E0500790680 /* SmashtagTests */,
				3FDF0C861AB69E0500790680 /* Products */,
			);
			sourceTree = "<group>";
		};
		3FDF0C861AB69E0500790680 /* Products */ = {
			isa = PBXGroup;
			children = (
				3FDF0C851AB69E0500790680 /* Smashtag.app */,
				3FDF0C9A1AB69E0500790680 /* SmashtagTests.xctest */,
			);
			name = Products;
			sourceTree = "<group>";
		};
		3FDF0C871AB69E0500790680 /* Smashtag */ = {
			isa = PBXGroup;
			children = (
				3FDF0C8E1AB69E0500790680 /* Main.storyboard */,
				3FDF0CAA1AB69E9C00790680 /* TweetTableTableViewController.swift */,
				3FDF0CAF1AB6A0EB00790680 /* Twitter */,
				3FDF0C881AB69E0500790680 /* Supporting Files */,
			);
			path = Smashtag;
			sourceTree = "<group>";
		};
		3FDF0C881AB69E0500790680 /* Supporting Files */ = {
			isa = PBXGroup;
			children = (
				3FDF0C911AB69E0500790680 /* Images.xcassets */,
				3FDF0C931AB69E0500790680 /* LaunchScreen.xib */,
				3FDF0C8A1AB69E0500790680 /* AppDelegate.swift */,
				3FDF0C891AB69E0500790680 /* Info.plist */,
			);
			name = "Supporting Files";
			sourceTree = "<group>";
		};
		3FDF0C9D1AB69E0500790680 /* SmashtagTests */ = {
			isa = PBXGroup;
			children = (
				3FDF0CA01AB69E0500790680 /* SmashtagTests.swift */,
				3FDF0C9E1AB69E0500790680 /* Supporting Files */,
			);
			path = SmashtagTests;
			sourceTree = "<group>";
		};
		3FDF0C9E1AB69E0500790680 /* Supporting Files */ = {
			isa = PBXGroup;
			children = (
				3FDF0C9F1AB69E0500790680 /* Info.plist */,
			);
			name = "Supporting Files";
			sourceTree = "<group>";
		};
		3FDF0CAF1AB6A0EB00790680 /* Twitter */ = {
			isa = PBXGroup;
			children = (
				3FDF0CB01AB6A0EB00790680 /* MediaItem.swift */,
				3FDF0CB11AB6A0EB00790680 /* Tweet.swift */,
				3FDF0CB21AB6A0EB00790680 /* TwitterRequest.swift */,
				3FDF0CB31AB6A0EB00790680 /* User.swift */,
			);
			path = Twitter;
			sourceTree = SOURCE_ROOT;
		};
/* End PBXGroup section */

/* Begin PBXNativeTarget section */
		3FDF0C841AB69E0500790680 /* Smashtag */ = {
			isa = PBXNativeTarget;
			buildConfigurationList = 3FDF0CA41AB69E0500790680 /* Build configuration list for PBXNativeTarget "Smashtag" */;
			buildPhases = (
				3FDF0C811AB69E0500790680 /* Sources */,
				3FDF0C821AB69E0500790680 /* Frameworks */,
				3FDF0C831AB69E0500790680 /* Resources */,
			);
			buildRules = (
			);
			dependencies = (
			);
			name = Smashtag;
			productName = Smashtag;
			productReference = 3FDF0C851AB69E0500790680 /* Smashtag.app */;
			productType = "com.apple.product-type.application";
		};
		3FDF0C991AB69E0500790680 /* SmashtagTests */ = {
			isa = PBXNativeTarget;
			buildConfigurationList = 3FDF0CA71AB69E0500790680 /* Build configuration list for PBXNativeTarget "SmashtagTests" */;
			buildPhases = (
				3FDF0C961AB69E0500790680 /* Sources */,
				3FDF0C971AB69E0500790680 /* Frameworks */,
				3FDF0C981AB69E0500790680 /* Resources */,
			);
			buildRules = (
			);
			dependencies = (
				3FDF0C9C1AB69E0500790680 /* PBXTargetDependency */,
			);
			name = SmashtagTests;
			productName = SmashtagTests;
			productReference = 3FDF0C9A1AB69E0500790680 /* SmashtagTests.xctest */;
			productType = "com.apple.product-type.bundle.unit-test";
		};
/* End PBXNativeTarget section */

/* Begin PBXProject section */
		3FDF0C7D1AB69E0500790680 /* Project object */ = {
			isa = PBXProject;
			attributes = {
				LastUpgradeCheck = 0610;
				ORGANIZATIONNAME = "Pradnyesh Gore";
				TargetAttributes = {
					3FDF0C841AB69E0500790680 = {
						CreatedOnToolsVersion = 6.1.1;
					};
					3FDF0C991AB69E0500790680 = {
						CreatedOnToolsVersion = 6.1.1;
						TestTargetID = 3FDF0C841AB69E0500790680;
					};
				};
			};
			buildConfigurationList = 3FDF0C801AB69E0500790680 /* Build configuration list for PBXProject "Smashtag" */;
			compatibilityVersion = "Xcode 3.2";
			developmentRegion = English;
			hasScannedForEncodings = 0;
			knownRegions = (
				en,
				Base,
			);
			mainGroup = 3FDF0C7C1AB69E0500790680;
			productRefGroup = 3FDF0C861AB69E0500790680 /* Products */;
			projectDirPath = "";
			projectRoot = "";
			targets = (
				3FDF0C841AB69E0500790680 /* Smashtag */,
				3FDF0C991AB69E0500790680 /* SmashtagTests */,
			);
		};
/* End PBXProject section */

/* Begin PBXResourcesBuildPhase section */
		3FDF0C831AB69E0500790680 /* Resources */ = {
			isa = PBXResourcesBuildPhase;
			buildActionMask = 2147483647;
			files = (
				3FDF0C901AB69E0500790680 /* Main.storyboard in Resources */,
				3FDF0C951AB69E0500790680 /* LaunchScreen.xib in Resources */,
				3FDF0C921AB69E0500790680 /* Images.xcassets in Resources */,
			);
			runOnlyForDeploymentPostprocessing = 0;
		};
		3FDF0C981AB69E0500790680 /* Resources */ = {
			isa = PBXResourcesBuildPhase;
			buildActionMask = 2147483647;
			files = (
			);
			runOnlyForDeploymentPostprocessing = 0;
		};
/* End PBXResourcesBuildPhase section */

/* Begin PBXSourcesBuildPhase section */
		3FDF0C811AB69E0500790680 /* Sources */ = {
			isa = PBXSourcesBuildPhase;
			buildActionMask = 2147483647;
			files = (
				3FDF0CAB1AB69E9C00790680 /* TweetTableTableViewController.swift in Sources */,
				3FDF0CB61AB6A0EB00790680 /* TwitterRequest.swift in Sources */,
				3FDF0CB71AB6A0EB00790680 /* User.swift in Sources */,
				3FDF0C8B1AB69E0500790680 /* AppDelegate.swift in Sources */,
				3FDF0CB41AB6A0EB00790680 /* MediaItem.swift in Sources */,
				3FDF0CB51AB6A0EB00790680 /* Tweet.swift in Sources */,
			);
			runOnlyForDeploymentPostprocessing = 0;
		};
		3FDF0C961AB69E0500790680 /* Sources */ = {
			isa = PBXSourcesBuildPhase;
			buildActionMask = 2147483647;
			files = (
				3FDF0CA11AB69E0500790680 /* SmashtagTests.swift in Sources */,
			);
			runOnlyForDeploymentPostprocessing = 0;
		};
/* End PBXSourcesBuildPhase section */

/* Begin PBXTargetDependency section */
		3FDF0C9C1AB69E0500790680 /* PBXTargetDependency */ = {
			isa = PBXTargetDependency;
			target = 3FDF0C841AB69E0500790680 /* Smashtag */;
			targetProxy = 3FDF0C9B1AB69E0500790680 /* PBXContainerItemProxy */;
		};
/* End PBXTargetDependency section */

/* Begin PBXVariantGroup section */
		3FDF0C8E1AB69E0500790680 /* Main.storyboard */ = {
			isa = PBXVariantGroup;
			children = (
				3FDF0C8F1AB69E0500790680 /* Base */,
			);
			name = Main.storyboard;
			sourceTree = "<group>";
		};
		3FDF0C931AB69E0500790680 /* LaunchScreen.xib */ = {
			isa = PBXVariantGroup;
			children = (
				3FDF0C941AB69E0500790680 /* Base */,
			);
			name = LaunchScreen.xib;
			sourceTree = "<group>";
		};
/* End PBXVariantGroup section */

/* Begin XCBuildConfiguration section */
		3FDF0CA21AB69E0500790680 /* Debug */ = {
			isa = XCBuildConfiguration;
			buildSettings = {
				ALWAYS_SEARCH_USER_PATHS = NO;
				CLANG_CXX_LANGUAGE_STANDARD = "gnu++0x";
				CLANG_CXX_LIBRARY = "libc++";
				CLANG_ENABLE_MODULES = YES;
				CLANG_ENABLE_OBJC_ARC = YES;
				CLANG_WARN_BOOL_CONVERSION = YES;
				CLANG_WARN_CONSTANT_CONVERSION = YES;
				CLANG_WARN_DIRECT_OBJC_ISA_USAGE = YES_ERROR;
				CLANG_WARN_EMPTY_BODY = YES;
				CLANG_WARN_ENUM_CONVERSION = YES;
				CLANG_WARN_INT_CONVERSION = YES;
				CLANG_WARN_OBJC_ROOT_CLASS = YES_ERROR;
				CLANG_WARN_UNREACHABLE_CODE = YES;
				CLANG_WARN__DUPLICATE_METHOD_MATCH = YES;
				"CODE_SIGN_IDENTITY[sdk=iphoneos*]" = "iPhone Developer";
				COPY_PHASE_STRIP = NO;
				ENABLE_STRICT_OBJC_MSGSEND = YES;
				GCC_C_LANGUAGE_STANDARD = gnu99;
				GCC_DYNAMIC_NO_PIC = NO;
				GCC_OPTIMIZATION_LEVEL = 0;
				GCC_PREPROCESSOR_DEFINITIONS = (
					"DEBUG=1",
					"$(inherited)",
				);
				GCC_SYMBOLS_PRIVATE_EXTERN = NO;
				GCC_WARN_64_TO_32_BIT_CONVERSION = YES;
				GCC_WARN_ABOUT_RETURN_TYPE = YES_ERROR;
				GCC_WARN_UNDECLARED_SELECTOR = YES;
				GCC_WARN_UNINITIALIZED_AUTOS = YES_AGGRESSIVE;
				GCC_WARN_UNUSED_FUNCTION = YES;
				GCC_WARN_UNUSED_VARIABLE = YES;
				IPHONEOS_DEPLOYMENT_TARGET = 8.1;
				MTL_ENABLE_DEBUG_INFO = YES;
				ONLY_ACTIVE_ARCH = YES;
				SDKROOT = iphoneos;
				SWIFT_OPTIMIZATION_LEVEL = "-Onone";
				TARGETED_DEVICE_FAMILY = "1,2";
			};
			name = Debug;
		};
		3FDF0CA31AB69E0500790680 /* Release */ = {
			isa = XCBuildConfiguration;
			buildSettings = {
				ALWAYS_SEARCH_USER_PATHS = NO;
				CLANG_CXX_LANGUAGE_STANDARD = "gnu++0x";
				CLANG_CXX_LIBRARY = "libc++";
				CLANG_ENABLE_MODULES = YES;
				CLANG_ENABLE_OBJC_ARC = YES;
				CLANG_WARN_BOOL_CONVERSION = YES;
				CLANG_WARN_CONSTANT_CONVERSION = YES;
				CLANG_WARN_DIRECT_OBJC_ISA_USAGE = YES_ERROR;
				CLANG_WARN_EMPTY_BODY = YES;
				CLANG_WARN_ENUM_CONVERSION = YES;
				CLANG_WARN_INT_CONVERSION = YES;
				CLANG_WARN_OBJC_ROOT_CLASS = YES_ERROR;
				CLANG_WARN_UNREACHABLE_CODE = YES;
				CLANG_WARN__DUPLICATE_METHOD_MATCH = YES;
				"CODE_SIGN_IDENTITY[sdk=iphoneos*]" = "iPhone Developer";
				COPY_PHASE_STRIP = YES;
				ENABLE_NS_ASSERTIONS = NO;
				ENABLE_STRICT_OBJC_MSGSEND = YES;
				GCC_C_LANGUAGE_STANDARD = gnu99;
				GCC_WARN_64_TO_32_BIT_CONVERSION = YES;
				GCC_WARN_ABOUT_RETURN_TYPE = YES_ERROR;
				GCC_WARN_UNDECLARED_SELECTOR = YES;
				GCC_WARN_UNINITIALIZED_AUTOS = YES_AGGRESSIVE;
				GCC_WARN_UNUSED_FUNCTION = YES;
				GCC_WARN_UNUSED_VARIABLE = YES;
				IPHONEOS_DEPLOYMENT_TARGET = 8.1;
				MTL_ENABLE_DEBUG_INFO = NO;
				SDKROOT = iphoneos;
				TARGETED_DEVICE_FAMILY = "1,2";
				VALIDATE_PRODUCT = YES;
			};
			name = Release;
		};
		3FDF0CA51AB69E0500790680 /* Debug */ = {
			isa = XCBuildConfiguration;
			buildSettings = {
				ASSETCATALOG_COMPILER_APPICON_NAME = AppIcon;
				INFOPLIST_FILE = Smashtag/Info.plist;
				LD_RUNPATH_SEARCH_PATHS = "$(inherited) @executable_path/Frameworks";
				PRODUCT_NAME = "$(TARGET_NAME)";
			};
			name = Debug;
		};
		3FDF0CA61AB69E0500790680 /* Release */ = {
			isa = XCBuildConfiguration;
			buildSettings = {
				ASSETCATALOG_COMPILER_APPICON_NAME = AppIcon;
				INFOPLIST_FILE = Smashtag/Info.plist;
				LD_RUNPATH_SEARCH_PATHS = "$(inherited) @executable_path/Frameworks";
				PRODUCT_NAME = "$(TARGET_NAME)";
			};
			name = Release;
		};
		3FDF0CA81AB69E0500790680 /* Debug */ = {
			isa = XCBuildConfiguration;
			buildSettings = {
				BUNDLE_LOADER = "$(TEST_HOST)";
				FRAMEWORK_SEARCH_PATHS = (
					"$(SDKROOT)/Developer/Library/Frameworks",
					"$(inherited)",
				);
				GCC_PREPROCESSOR_DEFINITIONS = (
					"DEBUG=1",
					"$(inherited)",
				);
				INFOPLIST_FILE = SmashtagTests/Info.plist;
				LD_RUNPATH_SEARCH_PATHS = "$(inherited) @executable_path/Frameworks @loader_path/Frameworks";
				PRODUCT_NAME = "$(TARGET_NAME)";
				TEST_HOST = "$(BUILT_PRODUCTS_DIR)/Smashtag.app/Smashtag";
			};
			name = Debug;
		};
		3FDF0CA91AB69E0500790680 /* Release */ = {
			isa = XCBuildConfiguration;
			buildSettings = {
				BUNDLE_LOADER = "$(TEST_HOST)";
				FRAMEWORK_SEARCH_PATHS = (
					"$(SDKROOT)/Developer/Library/Frameworks",
					"$(inherited)",
				);
				INFOPLIST_FILE = SmashtagTests/Info.plist;
				LD_RUNPATH_SEARCH_PATHS = "$(inherited) @executable_path/Frameworks @loader_path/Frameworks";
				PRODUCT_NAME = "$(TARGET_NAME)";
				TEST_HOST = "$(BUILT_PRODUCTS_DIR)/Smashtag.app/Smashtag";
			};
			name = Release;
		};
/* End XCBuildConfiguration section */

/* Begin XCConfigurationList section */
		3FDF0C801AB69E0500790680 /* Build configuration list for PBXProject "Smashtag" */ = {
			isa = XCConfigurationList;
			buildConfigurations = (
				3FDF0CA21AB69E0500790680 /* Debug */,
				3FDF0CA31AB69E0500790680 /* Release */,
			);
			defaultConfigurationIsVisible = 0;
			defaultConfigurationName = Release;
		};
		3FDF0CA41AB69E0500790680 /* Build configuration list for PBXNativeTarget "Smashtag" */ = {
			isa = XCConfigurationList;
			buildConfigurations = (
				3FDF0CA51AB69E0500790680 /* Debug */,
				3FDF0CA61AB69E0500790680 /* Release */,
			);
			defaultConfigurationIsVisible = 0;
		};
		3FDF0CA71AB69E0500790680 /* Build configuration list for PBXNativeTarget "SmashtagTests" */ = {
			isa = XCConfigurationList;
			buildConfigurations = (
				3FDF0CA81AB69E0500790680 /* Debug */,
				3FDF0CA91AB69E0500790680 /* Release */,
			);
			defaultConfigurationIsVisible = 0;
		};
/* End XCConfigurationList section */
	};
	rootObject = 3FDF0C7D1AB69E0500790680 /* Project object */;
}
